
Microsoft Visual Studio Solution File, Format Version 12.00
# Visual Studio Version 16
VisualStudioVersion = 16.0.30523.141
MinimumVisualStudioVersion = 10.0.40219.1
Project("{FAE04EC0-301F-11D3-BF4B-00C04F79EFBC}") = "MraTaxPayers", "MraTaxPayers\MraTaxPayers.csproj", "{6984034C-CDB2-407B-8AF3-613D6972B757}"
EndProject
Global
	GlobalSection(SolutionConfigurationPlatforms) = preSolution
		Debug|Any CPU = Debug|Any CPU
		Release|Any CPU = Release|Any CPU
	EndGlobalSection
	GlobalSection(ProjectConfigurationPlatforms) = postSolution
		{6984034C-CDB2-407B-8AF3-613D6972B757}.Debug|Any CPU.ActiveCfg = Debug|Any CPU
		{6984034C-CDB2-407B-8AF3-613D6972B757}.Debug|Any CPU.Build.0 = Debug|Any CPU
		{6984034C-CDB2-407B-8AF3-613D6972B757}.Release|Any CPU.ActiveCfg = Release|Any CPU
		{6984034C-CDB2-407B-8AF3-613D6972B757}.Release|Any CPU.Build.0 = Release|Any CPU
	EndGlobalSection
	GlobalSection(SolutionProperties) = preSolution
		HideSolutionNode = FALSE
	EndGlobalSection
	GlobalSection(ExtensibilityGlobals) = postSolution
		SolutionGuid = {2BF537F7-C7B3-4600-A950-AED286BA61D5}
	EndGlobalSection
EndGlobal
